
Microsoft Visual Studio Solution File, Format Version 12.00
# Visual Studio 15
VisualStudioVersion = 15.0.27130.2010
MinimumVisualStudioVersion = 10.0.40219.1
Project("{FAE04EC0-301F-11D3-BF4B-00C04F79EFBC}") = "CommandLineCenter", "CommandLineCenter\CommandLineCenter.csproj", "{D854254E-885F-4538-873F-9DDF4628102C}"
EndProject
Project("{FAE04EC0-301F-11D3-BF4B-00C04F79EFBC}") = "Algorithms4th", "Algorithms4th\Algorithms4th.csproj", "{5D027FE5-B530-4A60-86EE-79C1FAFD3592}"
EndProject
Project("{FAE04EC0-301F-11D3-BF4B-00C04F79EFBC}") = "Algorithms4thTests", "UnitTests\Algorithms4thTests.csproj", "{276FC0AE-1181-4303-ABAC-19558190DA95}"
EndProject
Global
	GlobalSection(SolutionConfigurationPlatforms) = preSolution
		Debug|Any CPU = Debug|Any CPU
		Release|Any CPU = Release|Any CPU
	EndGlobalSection
	GlobalSection(ProjectConfigurationPlatforms) = postSolution
		{D854254E-885F-4538-873F-9DDF4628102C}.Debug|Any CPU.ActiveCfg = Debug|Any CPU
		{D854254E-885F-4538-873F-9DDF4628102C}.Debug|Any CPU.Build.0 = Debug|Any CPU
		{D854254E-885F-4538-873F-9DDF4628102C}.Release|Any CPU.ActiveCfg = Release|Any CPU
		{D854254E-885F-4538-873F-9DDF4628102C}.Release|Any CPU.Build.0 = Release|Any CPU
		{5D027FE5-B530-4A60-86EE-79C1FAFD3592}.Debug|Any CPU.ActiveCfg = Debug|Any CPU
		{5D027FE5-B530-4A60-86EE-79C1FAFD3592}.Debug|Any CPU.Build.0 = Debug|Any CPU
		{5D027FE5-B530-4A60-86EE-79C1FAFD3592}.Release|Any CPU.ActiveCfg = Release|Any CPU
		{5D027FE5-B530-4A60-86EE-79C1FAFD3592}.Release|Any CPU.Build.0 = Release|Any CPU
		{276FC0AE-1181-4303-ABAC-19558190DA95}.Debug|Any CPU.ActiveCfg = Debug|Any CPU
		{276FC0AE-1181-4303-ABAC-19558190DA95}.Debug|Any CPU.Build.0 = Debug|Any CPU
		{276FC0AE-1181-4303-ABAC-19558190DA95}.Release|Any CPU.ActiveCfg = Release|Any CPU
		{276FC0AE-1181-4303-ABAC-19558190DA95}.Release|Any CPU.Build.0 = Release|Any CPU
	EndGlobalSection
	GlobalSection(SolutionProperties) = preSolution
		HideSolutionNode = FALSE
	EndGlobalSection
	GlobalSection(ExtensibilityGlobals) = postSolution
		SolutionGuid = {452A2B44-99A4-4DD1-9F57-B17F307D3D64}
	EndGlobalSection
EndGlobal
